
Microsoft Visual Studio Solution File, Format Version 12.00
# Visual Studio Version 17
VisualStudioVersion = 17.0.32126.317
MinimumVisualStudioVersion = 10.0.40219.1
Project("{FAE04EC0-301F-11D3-BF4B-00C04F79EFBC}") = "Tenjin.Tests.AutoFixture.EntityFramework", "Tenjin.Tests.AutoFixture.EntityFramework\Tenjin.Tests.AutoFixture.EntityFramework.csproj", "{114B5CE2-E3C1-4D9E-9020-FA6CF1ABC65B}"
EndProject
Project("{2150E333-8FDC-42A3-9474-1A3956D46DE8}") = "01 - Core", "01 - Core", "{4AFECAD7-4FA1-4C37-8933-AC1AF995388B}"
EndProject
Global
	GlobalSection(SolutionConfigurationPlatforms) = preSolution
		Debug|Any CPU = Debug|Any CPU
		Release|Any CPU = Release|Any CPU
	EndGlobalSection
	GlobalSection(ProjectConfigurationPlatforms) = postSolution
		{114B5CE2-E3C1-4D9E-9020-FA6CF1ABC65B}.Debug|Any CPU.ActiveCfg = Debug|Any CPU
		{114B5CE2-E3C1-4D9E-9020-FA6CF1ABC65B}.Debug|Any CPU.Build.0 = Debug|Any CPU
		{114B5CE2-E3C1-4D9E-9020-FA6CF1ABC65B}.Release|Any CPU.ActiveCfg = Release|Any CPU
		{114B5CE2-E3C1-4D9E-9020-FA6CF1ABC65B}.Release|Any CPU.Build.0 = Release|Any CPU
	EndGlobalSection
	GlobalSection(SolutionProperties) = preSolution
		HideSolutionNode = FALSE
	EndGlobalSection
	GlobalSection(NestedProjects) = preSolution
		{114B5CE2-E3C1-4D9E-9020-FA6CF1ABC65B} = {4AFECAD7-4FA1-4C37-8933-AC1AF995388B}
	EndGlobalSection
	GlobalSection(ExtensibilityGlobals) = postSolution
		SolutionGuid = {8F6A1199-09BB-4256-8602-9D9F2B766237}
	EndGlobalSection
EndGlobal
